
Microsoft Visual Studio Solution File, Format Version 12.00
# Visual Studio 2013
VisualStudioVersion = 12.0.31101.0
MinimumVisualStudioVersion = 10.0.40219.1
Project("{FAE04EC0-301F-11D3-BF4B-00C04F79EFBC}") = "Factorial Math", "Factorial Math\Factorial Math.csproj", "{D5C8AEC1-7F9D-4918-9B91-5D96487C8EBE}"
EndProject
Global
	GlobalSection(SolutionConfigurationPlatforms) = preSolution
		Debug|Any CPU = Debug|Any CPU
		Release|Any CPU = Release|Any CPU
	EndGlobalSection
	GlobalSection(ProjectConfigurationPlatforms) = postSolution
		{D5C8AEC1-7F9D-4918-9B91-5D96487C8EBE}.Debug|Any CPU.ActiveCfg = Debug|Any CPU
		{D5C8AEC1-7F9D-4918-9B91-5D96487C8EBE}.Debug|Any CPU.Build.0 = Debug|Any CPU
		{D5C8AEC1-7F9D-4918-9B91-5D96487C8EBE}.Release|Any CPU.ActiveCfg = Release|Any CPU
		{D5C8AEC1-7F9D-4918-9B91-5D96487C8EBE}.Release|Any CPU.Build.0 = Release|Any CPU
	EndGlobalSection
	GlobalSection(SolutionProperties) = preSolution
		HideSolutionNode = FALSE
	EndGlobalSection
EndGlobal
